// !$*UTF8*$!
{
	archiveVersion = 1;
	classes = {
	};
	objectVersion = 55;
	objects = {

/* Begin PBXBuildFile section */
		4E45BC572857591C009949A6 /* HotspotsClusterAnnotationView.swift in Sources */ = {isa = PBXBuildFile; fileRef = 4E45BC562857591C009949A6 /* HotspotsClusterAnnotationView.swift */; };
		4E45BC5928575CC1009949A6 /* Assets.swift in Sources */ = {isa = PBXBuildFile; fileRef = 4E45BC5828575CC1009949A6 /* Assets.swift */; };
		4E45BC5C285772B3009949A6 /* MapHotspotsLoader.swift in Sources */ = {isa = PBXBuildFile; fileRef = 4E45BC5B285772B3009949A6 /* MapHotspotsLoader.swift */; };
		4E7C5D242857378300D7B5D7 /* AppDelegate.swift in Sources */ = {isa = PBXBuildFile; fileRef = 4E7C5D232857378300D7B5D7 /* AppDelegate.swift */; };
		4E7C5D2D2857378400D7B5D7 /* Assets.xcassets in Resources */ = {isa = PBXBuildFile; fileRef = 4E7C5D2C2857378400D7B5D7 /* Assets.xcassets */; };
		4E7C5D302857378400D7B5D7 /* LaunchScreen.storyboard in Resources */ = {isa = PBXBuildFile; fileRef = 4E7C5D2E2857378400D7B5D7 /* LaunchScreen.storyboard */; };
		4E7C5D3B285737DC00D7B5D7 /* hotspots.csv in Resources */ = {isa = PBXBuildFile; fileRef = 4E7C5D3A285737DC00D7B5D7 /* hotspots.csv */; };
		4E7C5D3E285737F600D7B5D7 /* SplashViewController.swift in Sources */ = {isa = PBXBuildFile; fileRef = 4E7C5D3D285737F600D7B5D7 /* SplashViewController.swift */; };
		4E7C5D402857380800D7B5D7 /* SplashInteractor.swift in Sources */ = {isa = PBXBuildFile; fileRef = 4E7C5D3F2857380800D7B5D7 /* SplashInteractor.swift */; };
		4E7C5D422857381100D7B5D7 /* SplashPresenter.swift in Sources */ = {isa = PBXBuildFile; fileRef = 4E7C5D412857381100D7B5D7 /* SplashPresenter.swift */; };
		4E7C5D442857383800D7B5D7 /* SplashBusinessLogic.swift in Sources */ = {isa = PBXBuildFile; fileRef = 4E7C5D432857383800D7B5D7 /* SplashBusinessLogic.swift */; };
		4E7C5D462857386300D7B5D7 /* SplashPresentationLogic.swift in Sources */ = {isa = PBXBuildFile; fileRef = 4E7C5D452857386300D7B5D7 /* SplashPresentationLogic.swift */; };
		4E7C5D49285738A000D7B5D7 /* SplashDisplayLogic.swift in Sources */ = {isa = PBXBuildFile; fileRef = 4E7C5D48285738A000D7B5D7 /* SplashDisplayLogic.swift */; };
		4E7C5D4B285738B800D7B5D7 /* SplashFactory.swift in Sources */ = {isa = PBXBuildFile; fileRef = 4E7C5D4A285738B800D7B5D7 /* SplashFactory.swift */; };
		4E7C5D4E285738CF00D7B5D7 /* ModuleProducer.swift in Sources */ = {isa = PBXBuildFile; fileRef = 4E7C5D4D285738CF00D7B5D7 /* ModuleProducer.swift */; };
		4E7C5D5128573C5000D7B5D7 /* Localizable.strings in Resources */ = {isa = PBXBuildFile; fileRef = 4E7C5D5328573C5000D7B5D7 /* Localizable.strings */; };
		4E7C5D5528573CEB00D7B5D7 /* Strings+Generated.swift in Sources */ = {isa = PBXBuildFile; fileRef = 4E7C5D5428573CEB00D7B5D7 /* Strings+Generated.swift */; };
		4E7C5D5828573D1E00D7B5D7 /* HotspotsProvider.swift in Sources */ = {isa = PBXBuildFile; fileRef = 4E7C5D5728573D1E00D7B5D7 /* HotspotsProvider.swift */; };
		4E7C5D5B28573D5B00D7B5D7 /* Hotspot.swift in Sources */ = {isa = PBXBuildFile; fileRef = 4E7C5D5A28573D5B00D7B5D7 /* Hotspot.swift */; };
		4E7C5D5D28573F7A00D7B5D7 /* CSVParser.swift in Sources */ = {isa = PBXBuildFile; fileRef = 4E7C5D5C28573F7A00D7B5D7 /* CSVParser.swift */; };
		4E7C5D5F285747E700D7B5D7 /* CSVParser+HotspotsProvider.swift in Sources */ = {isa = PBXBuildFile; fileRef = 4E7C5D5E285747E700D7B5D7 /* CSVParser+HotspotsProvider.swift */; };
		4E7C5D61285749E200D7B5D7 /* CSVParserError.swift in Sources */ = {isa = PBXBuildFile; fileRef = 4E7C5D60285749E200D7B5D7 /* CSVParserError.swift */; };
		4E7C5D6428574BE600D7B5D7 /* MapViewController.swift in Sources */ = {isa = PBXBuildFile; fileRef = 4E7C5D6328574BE600D7B5D7 /* MapViewController.swift */; };
		4E7C5D6628574BEC00D7B5D7 /* MapInteractor.swift in Sources */ = {isa = PBXBuildFile; fileRef = 4E7C5D6528574BEC00D7B5D7 /* MapInteractor.swift */; };
		4E7C5D6828574BF100D7B5D7 /* MapPresenter.swift in Sources */ = {isa = PBXBuildFile; fileRef = 4E7C5D6728574BF100D7B5D7 /* MapPresenter.swift */; };
		4E7C5D6A28574BFA00D7B5D7 /* MapPresentationLogic.swift in Sources */ = {isa = PBXBuildFile; fileRef = 4E7C5D6928574BFA00D7B5D7 /* MapPresentationLogic.swift */; };
		4E7C5D6C28574BFF00D7B5D7 /* MapDisplayLogic.swift in Sources */ = {isa = PBXBuildFile; fileRef = 4E7C5D6B28574BFF00D7B5D7 /* MapDisplayLogic.swift */; };
		4E7C5D6E28574C0500D7B5D7 /* MapBusinessLogic.swift in Sources */ = {isa = PBXBuildFile; fileRef = 4E7C5D6D28574C0500D7B5D7 /* MapBusinessLogic.swift */; };
		4E7C5D7028574C1600D7B5D7 /* MapFactory.swift in Sources */ = {isa = PBXBuildFile; fileRef = 4E7C5D6F28574C1600D7B5D7 /* MapFactory.swift */; };
		4E7C5D7328574D6800D7B5D7 /* SplashRouter.swift in Sources */ = {isa = PBXBuildFile; fileRef = 4E7C5D7228574D6800D7B5D7 /* SplashRouter.swift */; };
		4E7C5D7528574D7200D7B5D7 /* SplashRouting.swift in Sources */ = {isa = PBXBuildFile; fileRef = 4E7C5D7428574D7200D7B5D7 /* SplashRouting.swift */; };
		4E7C5D7928574E0A00D7B5D7 /* UIWindow+Animation.swift in Sources */ = {isa = PBXBuildFile; fileRef = 4E7C5D7828574E0A00D7B5D7 /* UIWindow+Animation.swift */; };
		4E7C5D7B28574ED000D7B5D7 /* Region.swift in Sources */ = {isa = PBXBuildFile; fileRef = 4E7C5D7A28574ED000D7B5D7 /* Region.swift */; };
		4E7C5D7D28574F5400D7B5D7 /* FilteredHotspotsProvider.swift in Sources */ = {isa = PBXBuildFile; fileRef = 4E7C5D7C28574F5400D7B5D7 /* FilteredHotspotsProvider.swift */; };
		4E7C5D7F28574F8400D7B5D7 /* HotspotsStorage.swift in Sources */ = {isa = PBXBuildFile; fileRef = 4E7C5D7E28574F8400D7B5D7 /* HotspotsStorage.swift */; };
		4E7C5D8228574FB600D7B5D7 /* HotspotsStorage+FilteredProvider.swift in Sources */ = {isa = PBXBuildFile; fileRef = 4E7C5D8128574FB600D7B5D7 /* HotspotsStorage+FilteredProvider.swift */; };
		4E7C5D842857508D00D7B5D7 /* HotspotAnnotation.swift in Sources */ = {isa = PBXBuildFile; fileRef = 4E7C5D832857508D00D7B5D7 /* HotspotAnnotation.swift */; };
		4E7C5D86285750FE00D7B5D7 /* ErrorDisplaying.swift in Sources */ = {isa = PBXBuildFile; fileRef = 4E7C5D85285750FE00D7B5D7 /* ErrorDisplaying.swift */; };
		4E7C5D882857524200D7B5D7 /* FilteredHotspotsProviderError.swift in Sources */ = {isa = PBXBuildFile; fileRef = 4E7C5D872857524200D7B5D7 /* FilteredHotspotsProviderError.swift */; };
		4E7C5D8A2857529C00D7B5D7 /* HotspotAnnotationView.swift in Sources */ = {isa = PBXBuildFile; fileRef = 4E7C5D892857529C00D7B5D7 /* HotspotAnnotationView.swift */; };
		4E7C5D8D285752D400D7B5D7 /* MapView+Helpers.swift in Sources */ = {isa = PBXBuildFile; fileRef = 4E7C5D8C285752D400D7B5D7 /* MapView+Helpers.swift */; };
		4E7C5D8F2857559200D7B5D7 /* MapStatusView.swift in Sources */ = {isa = PBXBuildFile; fileRef = 4E7C5D8E2857559200D7B5D7 /* MapStatusView.swift */; };
/* End PBXBuildFile section */

/* Begin PBXFileReference section */
		4E45BC562857591C009949A6 /* HotspotsClusterAnnotationView.swift */ = {isa = PBXFileReference; lastKnownFileType = sourcecode.swift; path = HotspotsClusterAnnotationView.swift; sourceTree = "<group>"; };
		4E45BC5828575CC1009949A6 /* Assets.swift */ = {isa = PBXFileReference; fileEncoding = 4; lastKnownFileType = sourcecode.swift; path = Assets.swift; sourceTree = "<group>"; };
		4E45BC5B285772B3009949A6 /* MapHotspotsLoader.swift */ = {isa = PBXFileReference; lastKnownFileType = sourcecode.swift; path = MapHotspotsLoader.swift; sourceTree = "<group>"; };
		4E7C5D202857378300D7B5D7 /* hotspotsmap.app */ = {isa = PBXFileReference; explicitFileType = wrapper.application; includeInIndex = 0; path = hotspotsmap.app; sourceTree = BUILT_PRODUCTS_DIR; };
		4E7C5D232857378300D7B5D7 /* AppDelegate.swift */ = {isa = PBXFileReference; lastKnownFileType = sourcecode.swift; path = AppDelegate.swift; sourceTree = "<group>"; };
		4E7C5D2C2857378400D7B5D7 /* Assets.xcassets */ = {isa = PBXFileReference; lastKnownFileType = folder.assetcatalog; path = Assets.xcassets; sourceTree = "<group>"; };
		4E7C5D2F2857378400D7B5D7 /* Base */ = {isa = PBXFileReference; lastKnownFileType = file.storyboard; name = Base; path = Base.lproj/LaunchScreen.storyboard; sourceTree = "<group>"; };
		4E7C5D312857378400D7B5D7 /* Info.plist */ = {isa = PBXFileReference; lastKnownFileType = text.plist.xml; path = Info.plist; sourceTree = "<group>"; };
		4E7C5D3A285737DC00D7B5D7 /* hotspots.csv */ = {isa = PBXFileReference; fileEncoding = 4; lastKnownFileType = text; path = hotspots.csv; sourceTree = "<group>"; };
		4E7C5D3D285737F600D7B5D7 /* SplashViewController.swift */ = {isa = PBXFileReference; lastKnownFileType = sourcecode.swift; path = SplashViewController.swift; sourceTree = "<group>"; };
		4E7C5D3F2857380800D7B5D7 /* SplashInteractor.swift */ = {isa = PBXFileReference; lastKnownFileType = sourcecode.swift; path = SplashInteractor.swift; sourceTree = "<group>"; };
		4E7C5D412857381100D7B5D7 /* SplashPresenter.swift */ = {isa = PBXFileReference; lastKnownFileType = sourcecode.swift; path = SplashPresenter.swift; sourceTree = "<group>"; };
		4E7C5D432857383800D7B5D7 /* SplashBusinessLogic.swift */ = {isa = PBXFileReference; lastKnownFileType = sourcecode.swift; path = SplashBusinessLogic.swift; sourceTree = "<group>"; };
		4E7C5D452857386300D7B5D7 /* SplashPresentationLogic.swift */ = {isa = PBXFileReference; lastKnownFileType = sourcecode.swift; path = SplashPresentationLogic.swift; sourceTree = "<group>"; };
		4E7C5D48285738A000D7B5D7 /* SplashDisplayLogic.swift */ = {isa = PBXFileReference; lastKnownFileType = sourcecode.swift; path = SplashDisplayLogic.swift; sourceTree = "<group>"; };
		4E7C5D4A285738B800D7B5D7 /* SplashFactory.swift */ = {isa = PBXFileReference; lastKnownFileType = sourcecode.swift; path = SplashFactory.swift; sourceTree = "<group>"; };
		4E7C5D4D285738CF00D7B5D7 /* ModuleProducer.swift */ = {isa = PBXFileReference; lastKnownFileType = sourcecode.swift; path = ModuleProducer.swift; sourceTree = "<group>"; };
		4E7C5D5228573C5000D7B5D7 /* en */ = {isa = PBXFileReference; lastKnownFileType = text.plist.strings; name = en; path = en.lproj/Localizable.strings; sourceTree = "<group>"; };
		4E7C5D5428573CEB00D7B5D7 /* Strings+Generated.swift */ = {isa = PBXFileReference; fileEncoding = 4; lastKnownFileType = sourcecode.swift; path = "Strings+Generated.swift"; sourceTree = "<group>"; };
		4E7C5D5728573D1E00D7B5D7 /* HotspotsProvider.swift */ = {isa = PBXFileReference; lastKnownFileType = sourcecode.swift; path = HotspotsProvider.swift; sourceTree = "<group>"; };
		4E7C5D5A28573D5B00D7B5D7 /* Hotspot.swift */ = {isa = PBXFileReference; lastKnownFileType = sourcecode.swift; path = Hotspot.swift; sourceTree = "<group>"; };
		4E7C5D5C28573F7A00D7B5D7 /* CSVParser.swift */ = {isa = PBXFileReference; lastKnownFileType = sourcecode.swift; path = CSVParser.swift; sourceTree = "<group>"; };
		4E7C5D5E285747E700D7B5D7 /* CSVParser+HotspotsProvider.swift */ = {isa = PBXFileReference; lastKnownFileType = sourcecode.swift; path = "CSVParser+HotspotsProvider.swift"; sourceTree = "<group>"; };
		4E7C5D60285749E200D7B5D7 /* CSVParserError.swift */ = {isa = PBXFileReference; lastKnownFileType = sourcecode.swift; path = CSVParserError.swift; sourceTree = "<group>"; };
		4E7C5D6328574BE600D7B5D7 /* MapViewController.swift */ = {isa = PBXFileReference; lastKnownFileType = sourcecode.swift; path = MapViewController.swift; sourceTree = "<group>"; };
		4E7C5D6528574BEC00D7B5D7 /* MapInteractor.swift */ = {isa = PBXFileReference; lastKnownFileType = sourcecode.swift; path = MapInteractor.swift; sourceTree = "<group>"; };
		4E7C5D6728574BF100D7B5D7 /* MapPresenter.swift */ = {isa = PBXFileReference; lastKnownFileType = sourcecode.swift; path = MapPresenter.swift; sourceTree = "<group>"; };
		4E7C5D6928574BFA00D7B5D7 /* MapPresentationLogic.swift */ = {isa = PBXFileReference; lastKnownFileType = sourcecode.swift; path = MapPresentationLogic.swift; sourceTree = "<group>"; };
		4E7C5D6B28574BFF00D7B5D7 /* MapDisplayLogic.swift */ = {isa = PBXFileReference; lastKnownFileType = sourcecode.swift; path = MapDisplayLogic.swift; sourceTree = "<group>"; };
		4E7C5D6D28574C0500D7B5D7 /* MapBusinessLogic.swift */ = {isa = PBXFileReference; lastKnownFileType = sourcecode.swift; path = MapBusinessLogic.swift; sourceTree = "<group>"; };
		4E7C5D6F28574C1600D7B5D7 /* MapFactory.swift */ = {isa = PBXFileReference; lastKnownFileType = sourcecode.swift; path = MapFactory.swift; sourceTree = "<group>"; };
		4E7C5D7228574D6800D7B5D7 /* SplashRouter.swift */ = {isa = PBXFileReference; lastKnownFileType = sourcecode.swift; path = SplashRouter.swift; sourceTree = "<group>"; };
		4E7C5D7428574D7200D7B5D7 /* SplashRouting.swift */ = {isa = PBXFileReference; lastKnownFileType = sourcecode.swift; path = SplashRouting.swift; sourceTree = "<group>"; };
		4E7C5D7828574E0A00D7B5D7 /* UIWindow+Animation.swift */ = {isa = PBXFileReference; lastKnownFileType = sourcecode.swift; path = "UIWindow+Animation.swift"; sourceTree = "<group>"; };
		4E7C5D7A28574ED000D7B5D7 /* Region.swift */ = {isa = PBXFileReference; lastKnownFileType = sourcecode.swift; path = Region.swift; sourceTree = "<group>"; };
		4E7C5D7C28574F5400D7B5D7 /* FilteredHotspotsProvider.swift */ = {isa = PBXFileReference; lastKnownFileType = sourcecode.swift; path = FilteredHotspotsProvider.swift; sourceTree = "<group>"; };
		4E7C5D7E28574F8400D7B5D7 /* HotspotsStorage.swift */ = {isa = PBXFileReference; lastKnownFileType = sourcecode.swift; path = HotspotsStorage.swift; sourceTree = "<group>"; };
		4E7C5D8128574FB600D7B5D7 /* HotspotsStorage+FilteredProvider.swift */ = {isa = PBXFileReference; lastKnownFileType = sourcecode.swift; path = "HotspotsStorage+FilteredProvider.swift"; sourceTree = "<group>"; };
		4E7C5D832857508D00D7B5D7 /* HotspotAnnotation.swift */ = {isa = PBXFileReference; lastKnownFileType = sourcecode.swift; path = HotspotAnnotation.swift; sourceTree = "<group>"; };
		4E7C5D85285750FE00D7B5D7 /* ErrorDisplaying.swift */ = {isa = PBXFileReference; lastKnownFileType = sourcecode.swift; path = ErrorDisplaying.swift; sourceTree = "<group>"; };
		4E7C5D872857524200D7B5D7 /* FilteredHotspotsProviderError.swift */ = {isa = PBXFileReference; lastKnownFileType = sourcecode.swift; path = FilteredHotspotsProviderError.swift; sourceTree = "<group>"; };
		4E7C5D892857529C00D7B5D7 /* HotspotAnnotationView.swift */ = {isa = PBXFileReference; lastKnownFileType = sourcecode.swift; path = HotspotAnnotationView.swift; sourceTree = "<group>"; };
		4E7C5D8C285752D400D7B5D7 /* MapView+Helpers.swift */ = {isa = PBXFileReference; lastKnownFileType = sourcecode.swift; path = "MapView+Helpers.swift"; sourceTree = "<group>"; };
		4E7C5D8E2857559200D7B5D7 /* MapStatusView.swift */ = {isa = PBXFileReference; lastKnownFileType = sourcecode.swift; path = MapStatusView.swift; sourceTree = "<group>"; };
/* End PBXFileReference section */

/* Begin PBXFrameworksBuildPhase section */
		4E7C5D1D2857378300D7B5D7 /* Frameworks */ = {
			isa = PBXFrameworksBuildPhase;
			buildActionMask = 2147483647;
			files = (
			);
			runOnlyForDeploymentPostprocessing = 0;
		};
/* End PBXFrameworksBuildPhase section */

/* Begin PBXGroup section */
		4E45BC5A28576E53009949A6 /* Modules */ = {
			isa = PBXGroup;
			children = (
				4E7C5D38285737C500D7B5D7 /* Map */,
				4E7C5D37285737BC00D7B5D7 /* Splash */,
			);
			path = Modules;
			sourceTree = "<group>";
		};
		4E7C5D172857378300D7B5D7 = {
			isa = PBXGroup;
			children = (
				4E7C5D222857378300D7B5D7 /* hotspotsmap */,
				4E7C5D212857378300D7B5D7 /* Products */,
			);
			sourceTree = "<group>";
		};
		4E7C5D212857378300D7B5D7 /* Products */ = {
			isa = PBXGroup;
			children = (
				4E7C5D202857378300D7B5D7 /* hotspotsmap.app */,
			);
			name = Products;
			sourceTree = "<group>";
		};
		4E7C5D222857378300D7B5D7 /* hotspotsmap */ = {
			isa = PBXGroup;
			children = (
				4E7C5D232857378300D7B5D7 /* AppDelegate.swift */,
				4E7C5D2C2857378400D7B5D7 /* Assets.xcassets */,
				4E7C5D4C285738C400D7B5D7 /* Helpers */,
				4E7C5D312857378400D7B5D7 /* Info.plist */,
				4E7C5D2E2857378400D7B5D7 /* LaunchScreen.storyboard */,
				4E7C5D5928573D5400D7B5D7 /* Models */,
				4E45BC5A28576E53009949A6 /* Modules */,
				4E7C5D39285737CA00D7B5D7 /* Resources */,
				4E7C5D3C285737E400D7B5D7 /* Services */,
			);
			path = hotspotsmap;
			sourceTree = "<group>";
		};
		4E7C5D37285737BC00D7B5D7 /* Splash */ = {
			isa = PBXGroup;
			children = (
				4E7C5D472857386F00D7B5D7 /* Behaviour */,
				4E7C5D4A285738B800D7B5D7 /* SplashFactory.swift */,
				4E7C5D3F2857380800D7B5D7 /* SplashInteractor.swift */,
				4E7C5D412857381100D7B5D7 /* SplashPresenter.swift */,
				4E7C5D7228574D6800D7B5D7 /* SplashRouter.swift */,
				4E7C5D3D285737F600D7B5D7 /* SplashViewController.swift */,
			);
			path = Splash;
			sourceTree = "<group>";
		};
		4E7C5D38285737C500D7B5D7 /* Map */ = {
			isa = PBXGroup;
			children = (
				4E7C5D902857587400D7B5D7 /* Annotations */,
				4E7C5D7128574C2E00D7B5D7 /* Behaviour */,
				4E7C5D6F28574C1600D7B5D7 /* MapFactory.swift */,
				4E7C5D6528574BEC00D7B5D7 /* MapInteractor.swift */,
				4E45BC5B285772B3009949A6 /* MapHotspotsLoader.swift */,
				4E7C5D6728574BF100D7B5D7 /* MapPresenter.swift */,
				4E7C5D8E2857559200D7B5D7 /* MapStatusView.swift */,
				4E7C5D6328574BE600D7B5D7 /* MapViewController.swift */,
			);
			path = Map;
			sourceTree = "<group>";
		};
		4E7C5D39285737CA00D7B5D7 /* Resources */ = {
			isa = PBXGroup;
			children = (
				4E45BC5828575CC1009949A6 /* Assets.swift */,
				4E7C5D5428573CEB00D7B5D7 /* Strings+Generated.swift */,
				4E7C5D3A285737DC00D7B5D7 /* hotspots.csv */,
				4E7C5D5328573C5000D7B5D7 /* Localizable.strings */,
			);
			path = Resources;
			sourceTree = "<group>";
		};
		4E7C5D3C285737E400D7B5D7 /* Services */ = {
			isa = PBXGroup;
			children = (
				4E7C5D6228574A0900D7B5D7 /* CSVParser */,
				4E7C5D5E285747E700D7B5D7 /* CSVParser+HotspotsProvider.swift */,
				4E7C5D872857524200D7B5D7 /* FilteredHotspotsProviderError.swift */,
				4E7C5D8028574FA200D7B5D7 /* HotspotsStorage */,
				4E7C5D8128574FB600D7B5D7 /* HotspotsStorage+FilteredProvider.swift */,
				4E7C5D5628573D1100D7B5D7 /* Providers */,
			);
			path = Services;
			sourceTree = "<group>";
		};
		4E7C5D472857386F00D7B5D7 /* Behaviour */ = {
			isa = PBXGroup;
			children = (
				4E7C5D432857383800D7B5D7 /* SplashBusinessLogic.swift */,
				4E7C5D48285738A000D7B5D7 /* SplashDisplayLogic.swift */,
				4E7C5D452857386300D7B5D7 /* SplashPresentationLogic.swift */,
				4E7C5D7428574D7200D7B5D7 /* SplashRouting.swift */,
			);
			path = Behaviour;
			sourceTree = "<group>";
		};
		4E7C5D4C285738C400D7B5D7 /* Helpers */ = {
			isa = PBXGroup;
			children = (
				4E7C5D7628574DEF00D7B5D7 /* Extensions */,
				4E7C5D4D285738CF00D7B5D7 /* ModuleProducer.swift */,
				4E7C5D85285750FE00D7B5D7 /* ErrorDisplaying.swift */,
				4E7C5D7A28574ED000D7B5D7 /* Region.swift */,
			);
			path = Helpers;
			sourceTree = "<group>";
		};
		4E7C5D5628573D1100D7B5D7 /* Providers */ = {
			isa = PBXGroup;
			children = (
				4E7C5D5728573D1E00D7B5D7 /* HotspotsProvider.swift */,
				4E7C5D7C28574F5400D7B5D7 /* FilteredHotspotsProvider.swift */,
			);
			path = Providers;
			sourceTree = "<group>";
		};
		4E7C5D5928573D5400D7B5D7 /* Models */ = {
			isa = PBXGroup;
			children = (
				4E7C5D5A28573D5B00D7B5D7 /* Hotspot.swift */,
			);
			path = Models;
			sourceTree = "<group>";
		};
		4E7C5D6228574A0900D7B5D7 /* CSVParser */ = {
			isa = PBXGroup;
			children = (
				4E7C5D5C28573F7A00D7B5D7 /* CSVParser.swift */,
				4E7C5D60285749E200D7B5D7 /* CSVParserError.swift */,
			);
			path = CSVParser;
			sourceTree = "<group>";
		};
		4E7C5D7128574C2E00D7B5D7 /* Behaviour */ = {
			isa = PBXGroup;
			children = (
				4E7C5D6D28574C0500D7B5D7 /* MapBusinessLogic.swift */,
				4E7C5D6B28574BFF00D7B5D7 /* MapDisplayLogic.swift */,
				4E7C5D6928574BFA00D7B5D7 /* MapPresentationLogic.swift */,
			);
			path = Behaviour;
			sourceTree = "<group>";
		};
		4E7C5D7628574DEF00D7B5D7 /* Extensions */ = {
			isa = PBXGroup;
			children = (
				4E7C5D8B285752A400D7B5D7 /* MapKit */,
				4E7C5D7728574DFB00D7B5D7 /* UIKit */,
			);
			path = Extensions;
			sourceTree = "<group>";
		};
		4E7C5D7728574DFB00D7B5D7 /* UIKit */ = {
			isa = PBXGroup;
			children = (
				4E7C5D7828574E0A00D7B5D7 /* UIWindow+Animation.swift */,
			);
			path = UIKit;
			sourceTree = "<group>";
		};
		4E7C5D8028574FA200D7B5D7 /* HotspotsStorage */ = {
			isa = PBXGroup;
			children = (
				4E7C5D7E28574F8400D7B5D7 /* HotspotsStorage.swift */,
			);
			path = HotspotsStorage;
			sourceTree = "<group>";
		};
		4E7C5D8B285752A400D7B5D7 /* MapKit */ = {
			isa = PBXGroup;
			children = (
				4E7C5D8C285752D400D7B5D7 /* MapView+Helpers.swift */,
			);
			path = MapKit;
			sourceTree = "<group>";
		};
		4E7C5D902857587400D7B5D7 /* Annotations */ = {
			isa = PBXGroup;
			children = (
				4E7C5D922857589300D7B5D7 /* Cluster */,
				4E7C5D912857588100D7B5D7 /* Hotspot */,
			);
			path = Annotations;
			sourceTree = "<group>";
		};
		4E7C5D912857588100D7B5D7 /* Hotspot */ = {
			isa = PBXGroup;
			children = (
				4E7C5D832857508D00D7B5D7 /* HotspotAnnotation.swift */,
				4E7C5D892857529C00D7B5D7 /* HotspotAnnotationView.swift */,
			);
			path = Hotspot;
			sourceTree = "<group>";
		};
		4E7C5D922857589300D7B5D7 /* Cluster */ = {
			isa = PBXGroup;
			children = (
				4E45BC562857591C009949A6 /* HotspotsClusterAnnotationView.swift */,
			);
			path = Cluster;
			sourceTree = "<group>";
		};
/* End PBXGroup section */

/* Begin PBXNativeTarget section */
		4E7C5D1F2857378300D7B5D7 /* hotspotsmap */ = {
			isa = PBXNativeTarget;
			buildConfigurationList = 4E7C5D342857378400D7B5D7 /* Build configuration list for PBXNativeTarget "hotspotsmap" */;
			buildPhases = (
				4E7C5D1C2857378300D7B5D7 /* Sources */,
				4E7C5D1D2857378300D7B5D7 /* Frameworks */,
				4E7C5D1E2857378300D7B5D7 /* Resources */,
			);
			buildRules = (
			);
			dependencies = (
			);
			name = hotspotsmap;
			productName = hotspotsmap;
			productReference = 4E7C5D202857378300D7B5D7 /* hotspotsmap.app */;
			productType = "com.apple.product-type.application";
		};
/* End PBXNativeTarget section */

/* Begin PBXProject section */
		4E7C5D182857378300D7B5D7 /* Project object */ = {
			isa = PBXProject;
			attributes = {
				BuildIndependentTargetsInParallel = 1;
				LastSwiftUpdateCheck = 1340;
				LastUpgradeCheck = 1340;
				TargetAttributes = {
					4E7C5D1F2857378300D7B5D7 = {
						CreatedOnToolsVersion = 13.4.1;
					};
				};
			};
			buildConfigurationList = 4E7C5D1B2857378300D7B5D7 /* Build configuration list for PBXProject "hotspotsmap" */;
			compatibilityVersion = "Xcode 13.0";
			developmentRegion = en;
			hasScannedForEncodings = 0;
			knownRegions = (
				en,
				Base,
			);
			mainGroup = 4E7C5D172857378300D7B5D7;
			productRefGroup = 4E7C5D212857378300D7B5D7 /* Products */;
			projectDirPath = "";
			projectRoot = "";
			targets = (
				4E7C5D1F2857378300D7B5D7 /* hotspotsmap */,
			);
		};
/* End PBXProject section */

/* Begin PBXResourcesBuildPhase section */
		4E7C5D1E2857378300D7B5D7 /* Resources */ = {
			isa = PBXResourcesBuildPhase;
			buildActionMask = 2147483647;
			files = (
				4E7C5D5128573C5000D7B5D7 /* Localizable.strings in Resources */,
				4E7C5D302857378400D7B5D7 /* LaunchScreen.storyboard in Resources */,
				4E7C5D2D2857378400D7B5D7 /* Assets.xcassets in Resources */,
				4E7C5D3B285737DC00D7B5D7 /* hotspots.csv in Resources */,
			);
			runOnlyForDeploymentPostprocessing = 0;
		};
/* End PBXResourcesBuildPhase section */

/* Begin PBXSourcesBuildPhase section */
		4E7C5D1C2857378300D7B5D7 /* Sources */ = {
			isa = PBXSourcesBuildPhase;
			buildActionMask = 2147483647;
			files = (
				4E7C5D7D28574F5400D7B5D7 /* FilteredHotspotsProvider.swift in Sources */,
				4E7C5D8228574FB600D7B5D7 /* HotspotsStorage+FilteredProvider.swift in Sources */,
				4E7C5D7F28574F8400D7B5D7 /* HotspotsStorage.swift in Sources */,
				4E7C5D5528573CEB00D7B5D7 /* Strings+Generated.swift in Sources */,
				4E7C5D8F2857559200D7B5D7 /* MapStatusView.swift in Sources */,
				4E7C5D49285738A000D7B5D7 /* SplashDisplayLogic.swift in Sources */,
				4E7C5D442857383800D7B5D7 /* SplashBusinessLogic.swift in Sources */,
				4E7C5D8A2857529C00D7B5D7 /* HotspotAnnotationView.swift in Sources */,
				4E7C5D61285749E200D7B5D7 /* CSVParserError.swift in Sources */,
				4E7C5D242857378300D7B5D7 /* AppDelegate.swift in Sources */,
				4E7C5D7B28574ED000D7B5D7 /* Region.swift in Sources */,
				4E45BC5C285772B3009949A6 /* MapHotspotsLoader.swift in Sources */,
				4E7C5D7028574C1600D7B5D7 /* MapFactory.swift in Sources */,
				4E7C5D86285750FE00D7B5D7 /* ErrorDisplaying.swift in Sources */,
				4E7C5D402857380800D7B5D7 /* SplashInteractor.swift in Sources */,
				4E7C5D6628574BEC00D7B5D7 /* MapInteractor.swift in Sources */,
				4E45BC572857591C009949A6 /* HotspotsClusterAnnotationView.swift in Sources */,
				4E7C5D5828573D1E00D7B5D7 /* HotspotsProvider.swift in Sources */,
				4E7C5D5F285747E700D7B5D7 /* CSVParser+HotspotsProvider.swift in Sources */,
				4E7C5D8D285752D400D7B5D7 /* MapView+Helpers.swift in Sources */,
				4E7C5D5D28573F7A00D7B5D7 /* CSVParser.swift in Sources */,
				4E7C5D6C28574BFF00D7B5D7 /* MapDisplayLogic.swift in Sources */,
				4E7C5D3E285737F600D7B5D7 /* SplashViewController.swift in Sources */,
				4E7C5D6828574BF100D7B5D7 /* MapPresenter.swift in Sources */,
				4E7C5D842857508D00D7B5D7 /* HotspotAnnotation.swift in Sources */,
				4E7C5D7328574D6800D7B5D7 /* SplashRouter.swift in Sources */,
				4E7C5D4E285738CF00D7B5D7 /* ModuleProducer.swift in Sources */,
				4E7C5D882857524200D7B5D7 /* FilteredHotspotsProviderError.swift in Sources */,
				4E7C5D422857381100D7B5D7 /* SplashPresenter.swift in Sources */,
				4E7C5D7928574E0A00D7B5D7 /* UIWindow+Animation.swift in Sources */,
				4E7C5D7528574D7200D7B5D7 /* SplashRouting.swift in Sources */,
				4E45BC5928575CC1009949A6 /* Assets.swift in Sources */,
				4E7C5D5B28573D5B00D7B5D7 /* Hotspot.swift in Sources */,
				4E7C5D462857386300D7B5D7 /* SplashPresentationLogic.swift in Sources */,
				4E7C5D4B285738B800D7B5D7 /* SplashFactory.swift in Sources */,
				4E7C5D6A28574BFA00D7B5D7 /* MapPresentationLogic.swift in Sources */,
				4E7C5D6428574BE600D7B5D7 /* MapViewController.swift in Sources */,
				4E7C5D6E28574C0500D7B5D7 /* MapBusinessLogic.swift in Sources */,
			);
			runOnlyForDeploymentPostprocessing = 0;
		};
/* End PBXSourcesBuildPhase section */

/* Begin PBXVariantGroup section */
		4E7C5D2E2857378400D7B5D7 /* LaunchScreen.storyboard */ = {
			isa = PBXVariantGroup;
			children = (
				4E7C5D2F2857378400D7B5D7 /* Base */,
			);
			name = LaunchScreen.storyboard;
			sourceTree = "<group>";
		};
		4E7C5D5328573C5000D7B5D7 /* Localizable.strings */ = {
			isa = PBXVariantGroup;
			children = (
				4E7C5D5228573C5000D7B5D7 /* en */,
			);
			name = Localizable.strings;
			sourceTree = "<group>";
		};
/* End PBXVariantGroup section */

/* Begin XCBuildConfiguration section */
		4E7C5D322857378400D7B5D7 /* Debug */ = {
			isa = XCBuildConfiguration;
			buildSettings = {
				ALWAYS_SEARCH_USER_PATHS = NO;
				CLANG_ANALYZER_NONNULL = YES;
				CLANG_ANALYZER_NUMBER_OBJECT_CONVERSION = YES_AGGRESSIVE;
				CLANG_CXX_LANGUAGE_STANDARD = "gnu++17";
				CLANG_ENABLE_MODULES = YES;
				CLANG_ENABLE_OBJC_ARC = YES;
				CLANG_ENABLE_OBJC_WEAK = YES;
				CLANG_WARN_BLOCK_CAPTURE_AUTORELEASING = YES;
				CLANG_WARN_BOOL_CONVERSION = YES;
				CLANG_WARN_COMMA = YES;
				CLANG_WARN_CONSTANT_CONVERSION = YES;
				CLANG_WARN_DEPRECATED_OBJC_IMPLEMENTATIONS = YES;
				CLANG_WARN_DIRECT_OBJC_ISA_USAGE = YES_ERROR;
				CLANG_WARN_DOCUMENTATION_COMMENTS = YES;
				CLANG_WARN_EMPTY_BODY = YES;
				CLANG_WARN_ENUM_CONVERSION = YES;
				CLANG_WARN_INFINITE_RECURSION = YES;
				CLANG_WARN_INT_CONVERSION = YES;
				CLANG_WARN_NON_LITERAL_NULL_CONVERSION = YES;
				CLANG_WARN_OBJC_IMPLICIT_RETAIN_SELF = YES;
				CLANG_WARN_OBJC_LITERAL_CONVERSION = YES;
				CLANG_WARN_OBJC_ROOT_CLASS = YES_ERROR;
				CLANG_WARN_QUOTED_INCLUDE_IN_FRAMEWORK_HEADER = YES;
				CLANG_WARN_RANGE_LOOP_ANALYSIS = YES;
				CLANG_WARN_STRICT_PROTOTYPES = YES;
				CLANG_WARN_SUSPICIOUS_MOVE = YES;
				CLANG_WARN_UNGUARDED_AVAILABILITY = YES_AGGRESSIVE;
				CLANG_WARN_UNREACHABLE_CODE = YES;
				CLANG_WARN__DUPLICATE_METHOD_MATCH = YES;
				COPY_PHASE_STRIP = NO;
				DEBUG_INFORMATION_FORMAT = dwarf;
				ENABLE_STRICT_OBJC_MSGSEND = YES;
				ENABLE_TESTABILITY = YES;
				GCC_C_LANGUAGE_STANDARD = gnu11;
				GCC_DYNAMIC_NO_PIC = NO;
				GCC_NO_COMMON_BLOCKS = YES;
				GCC_OPTIMIZATION_LEVEL = 0;
				GCC_PREPROCESSOR_DEFINITIONS = (
					"DEBUG=1",
					"$(inherited)",
				);
				GCC_WARN_64_TO_32_BIT_CONVERSION = YES;
				GCC_WARN_ABOUT_RETURN_TYPE = YES_ERROR;
				GCC_WARN_UNDECLARED_SELECTOR = YES;
				GCC_WARN_UNINITIALIZED_AUTOS = YES_AGGRESSIVE;
				GCC_WARN_UNUSED_FUNCTION = YES;
				GCC_WARN_UNUSED_VARIABLE = YES;
				IPHONEOS_DEPLOYMENT_TARGET = 15.5;
				MTL_ENABLE_DEBUG_INFO = INCLUDE_SOURCE;
				MTL_FAST_MATH = YES;
				ONLY_ACTIVE_ARCH = YES;
				SDKROOT = iphoneos;
				SWIFT_ACTIVE_COMPILATION_CONDITIONS = DEBUG;
				SWIFT_OPTIMIZATION_LEVEL = "-Onone";
			};
			name = Debug;
		};
		4E7C5D332857378400D7B5D7 /* Release */ = {
			isa = XCBuildConfiguration;
			buildSettings = {
				ALWAYS_SEARCH_USER_PATHS = NO;
				CLANG_ANALYZER_NONNULL = YES;
				CLANG_ANALYZER_NUMBER_OBJECT_CONVERSION = YES_AGGRESSIVE;
				CLANG_CXX_LANGUAGE_STANDARD = "gnu++17";
				CLANG_ENABLE_MODULES = YES;
				CLANG_ENABLE_OBJC_ARC = YES;
				CLANG_ENABLE_OBJC_WEAK = YES;
				CLANG_WARN_BLOCK_CAPTURE_AUTORELEASING = YES;
				CLANG_WARN_BOOL_CONVERSION = YES;
				CLANG_WARN_COMMA = YES;
				CLANG_WARN_CONSTANT_CONVERSION = YES;
				CLANG_WARN_DEPRECATED_OBJC_IMPLEMENTATIONS = YES;
				CLANG_WARN_DIRECT_OBJC_ISA_USAGE = YES_ERROR;
				CLANG_WARN_DOCUMENTATION_COMMENTS = YES;
				CLANG_WARN_EMPTY_BODY = YES;
				CLANG_WARN_ENUM_CONVERSION = YES;
				CLANG_WARN_INFINITE_RECURSION = YES;
				CLANG_WARN_INT_CONVERSION = YES;
				CLANG_WARN_NON_LITERAL_NULL_CONVERSION = YES;
				CLANG_WARN_OBJC_IMPLICIT_RETAIN_SELF = YES;
				CLANG_WARN_OBJC_LITERAL_CONVERSION = YES;
				CLANG_WARN_OBJC_ROOT_CLASS = YES_ERROR;
				CLANG_WARN_QUOTED_INCLUDE_IN_FRAMEWORK_HEADER = YES;
				CLANG_WARN_RANGE_LOOP_ANALYSIS = YES;
				CLANG_WARN_STRICT_PROTOTYPES = YES;
				CLANG_WARN_SUSPICIOUS_MOVE = YES;
				CLANG_WARN_UNGUARDED_AVAILABILITY = YES_AGGRESSIVE;
				CLANG_WARN_UNREACHABLE_CODE = YES;
				CLANG_WARN__DUPLICATE_METHOD_MATCH = YES;
				COPY_PHASE_STRIP = NO;
				DEBUG_INFORMATION_FORMAT = "dwarf-with-dsym";
				ENABLE_NS_ASSERTIONS = NO;
				ENABLE_STRICT_OBJC_MSGSEND = YES;
				GCC_C_LANGUAGE_STANDARD = gnu11;
				GCC_NO_COMMON_BLOCKS = YES;
				GCC_WARN_64_TO_32_BIT_CONVERSION = YES;
				GCC_WARN_ABOUT_RETURN_TYPE = YES_ERROR;
				GCC_WARN_UNDECLARED_SELECTOR = YES;
				GCC_WARN_UNINITIALIZED_AUTOS = YES_AGGRESSIVE;
				GCC_WARN_UNUSED_FUNCTION = YES;
				GCC_WARN_UNUSED_VARIABLE = YES;
				IPHONEOS_DEPLOYMENT_TARGET = 15.5;
				MTL_ENABLE_DEBUG_INFO = NO;
				MTL_FAST_MATH = YES;
				SDKROOT = iphoneos;
				SWIFT_COMPILATION_MODE = wholemodule;
				SWIFT_OPTIMIZATION_LEVEL = "-O";
				VALIDATE_PRODUCT = YES;
			};
			name = Release;
		};
		4E7C5D352857378400D7B5D7 /* Debug */ = {
			isa = XCBuildConfiguration;
			buildSettings = {
				ASSETCATALOG_COMPILER_APPICON_NAME = AppIcon;
				ASSETCATALOG_COMPILER_GLOBAL_ACCENT_COLOR_NAME = AccentColor;
				CODE_SIGN_STYLE = Automatic;
				CURRENT_PROJECT_VERSION = 1;
				DEVELOPMENT_TEAM = 7Q9C9W4NQA;
				GENERATE_INFOPLIST_FILE = YES;
				INFOPLIST_FILE = hotspotsmap/Info.plist;
				INFOPLIST_KEY_UIApplicationSupportsIndirectInputEvents = YES;
				INFOPLIST_KEY_UILaunchStoryboardName = LaunchScreen;
				INFOPLIST_KEY_UISupportedInterfaceOrientations_iPad = "UIInterfaceOrientationPortrait UIInterfaceOrientationPortraitUpsideDown UIInterfaceOrientationLandscapeLeft UIInterfaceOrientationLandscapeRight";
				INFOPLIST_KEY_UISupportedInterfaceOrientations_iPhone = "UIInterfaceOrientationPortrait UIInterfaceOrientationLandscapeLeft UIInterfaceOrientationLandscapeRight";
				LD_RUNPATH_SEARCH_PATHS = (
					"$(inherited)",
					"@executable_path/Frameworks",
				);
				MARKETING_VERSION = 1.0;
				PRODUCT_BUNDLE_IDENTIFIER = markosypenko.hotspotsmap;
				PRODUCT_NAME = "$(TARGET_NAME)";
				SWIFT_EMIT_LOC_STRINGS = YES;
				SWIFT_VERSION = 5.0;
				TARGETED_DEVICE_FAMILY = "1,2";
			};
			name = Debug;
		};
		4E7C5D362857378400D7B5D7 /* Release */ = {
			isa = XCBuildConfiguration;
			buildSettings = {
				ASSETCATALOG_COMPILER_APPICON_NAME = AppIcon;
				ASSETCATALOG_COMPILER_GLOBAL_ACCENT_COLOR_NAME = AccentColor;
				CODE_SIGN_STYLE = Automatic;
				CURRENT_PROJECT_VERSION = 1;
				DEVELOPMENT_TEAM = 7Q9C9W4NQA;
				GENERATE_INFOPLIST_FILE = YES;
				INFOPLIST_FILE = hotspotsmap/Info.plist;
				INFOPLIST_KEY_UIApplicationSupportsIndirectInputEvents = YES;
				INFOPLIST_KEY_UILaunchStoryboardName = LaunchScreen;
				INFOPLIST_KEY_UISupportedInterfaceOrientations_iPad = "UIInterfaceOrientationPortrait UIInterfaceOrientationPortraitUpsideDown UIInterfaceOrientationLandscapeLeft UIInterfaceOrientationLandscapeRight";
				INFOPLIST_KEY_UISupportedInterfaceOrientations_iPhone = "UIInterfaceOrientationPortrait UIInterfaceOrientationLandscapeLeft UIInterfaceOrientationLandscapeRight";
				LD_RUNPATH_SEARCH_PATHS = (
					"$(inherited)",
					"@executable_path/Frameworks",
				);
				MARKETING_VERSION = 1.0;
				PRODUCT_BUNDLE_IDENTIFIER = markosypenko.hotspotsmap;
				PRODUCT_NAME = "$(TARGET_NAME)";
				SWIFT_EMIT_LOC_STRINGS = YES;
				SWIFT_VERSION = 5.0;
				TARGETED_DEVICE_FAMILY = "1,2";
			};
			name = Release;
		};
/* End XCBuildConfiguration section */

/* Begin XCConfigurationList section */
		4E7C5D1B2857378300D7B5D7 /* Build configuration list for PBXProject "hotspotsmap" */ = {
			isa = XCConfigurationList;
			buildConfigurations = (
				4E7C5D322857378400D7B5D7 /* Debug */,
				4E7C5D332857378400D7B5D7 /* Release */,
			);
			defaultConfigurationIsVisible = 0;
			defaultConfigurationName = Release;
		};
		4E7C5D342857378400D7B5D7 /* Build configuration list for PBXNativeTarget "hotspotsmap" */ = {
			isa = XCConfigurationList;
			buildConfigurations = (
				4E7C5D352857378400D7B5D7 /* Debug */,
				4E7C5D362857378400D7B5D7 /* Release */,
			);
			defaultConfigurationIsVisible = 0;
			defaultConfigurationName = Release;
		};
/* End XCConfigurationList section */
	};
	rootObject = 4E7C5D182857378300D7B5D7 /* Project object */;
}
